
Microsoft Visual Studio Solution File, Format Version 12.00
# Visual Studio Version 17
VisualStudioVersion = 17.5.002.0
MinimumVisualStudioVersion = 10.0.40219.1
Project("{9A19103F-16F7-4668-BE54-9A1E7A4F7556}") = "c-sharp", "c-sharp.csproj", "{D47B008C-F89B-4691-8E8E-FF88F6F46770}"
EndProject
Project("{FAE04EC0-301F-11D3-BF4B-00C04F79EFBC}") = "variables", "variables\variables.csproj", "{BCAEAEDF-9D20-4F11-B63C-0C0AC97C3A8D}"
EndProject
Project("{FAE04EC0-301F-11D3-BF4B-00C04F79EFBC}") = "DataTypesAndTypeConversion", "DataTypesAndTypeConversion\DataTypesAndTypeConversion.csproj", "{79AF0612-3155-425D-BB28-7B119A90378A}"
EndProject
Project("{FAE04EC0-301F-11D3-BF4B-00C04F79EFBC}") = "If_Else_Statement", "If_Else_Statement\If_Else_Statement.csproj", "{919A5A72-DA48-47BC-9A80-9D0511DE4A0A}"
EndProject
Project("{FAE04EC0-301F-11D3-BF4B-00C04F79EFBC}") = "MakingTest", "MakingTest\MakingTest.csproj", "{C464FE3A-3ABD-410B-A9CB-0E475B66557C}"
EndProject
Project("{FAE04EC0-301F-11D3-BF4B-00C04F79EFBC}") = "SwitchStatement", "SwitchStatement\SwitchStatement.csproj", "{1BB44F04-4CCE-4623-9F06-5543F0F74C10}"
EndProject
Project("{FAE04EC0-301F-11D3-BF4B-00C04F79EFBC}") = "WhileLoop", "WhileLoop\WhileLoop.csproj", "{C7576E5A-9AC7-4FA3-AA86-EE7A121C0397}"
EndProject
Project("{FAE04EC0-301F-11D3-BF4B-00C04F79EFBC}") = "ForLoop", "ForLoop\ForLoop.csproj", "{58C2EE1B-2C6D-4F2E-B8AF-B9228D64E8D5}"
EndProject
Project("{FAE04EC0-301F-11D3-BF4B-00C04F79EFBC}") = "Array", "Array\Array.csproj", "{F59DFA40-243D-45FA-9FCC-DB0565D2FBB6}"
EndProject
Project("{FAE04EC0-301F-11D3-BF4B-00C04F79EFBC}") = "Methods_In_C_Sharp", "Methods_In_C_Sharp\Methods_In_C_Sharp.csproj", "{D5F3595E-DA7D-4157-BB48-288855DC2F9A}"
EndProject
Project("{FAE04EC0-301F-11D3-BF4B-00C04F79EFBC}") = "ParameterAndArguments", "ParameterAndArguments\ParameterAndArguments.csproj", "{1616AB1B-D480-42FC-BFEF-19F314617955}"
EndProject
Project("{FAE04EC0-301F-11D3-BF4B-00C04F79EFBC}") = "returnValuesInMethods", "returnValuesInMethods\returnValuesInMethods.csproj", "{C415E379-6E4A-47B0-9E1F-A545E28AC511}"
EndProject
Project("{FAE04EC0-301F-11D3-BF4B-00C04F79EFBC}") = "NamedArgumentsInMethods", "NamedArgumentsInMethods\NamedArgumentsInMethods.csproj", "{16E1722A-0446-4E6E-A3ED-11A20AA26342}"
EndProject
Project("{FAE04EC0-301F-11D3-BF4B-00C04F79EFBC}") = "MethodOverLoading", "MethodOverLoading\MethodOverLoading.csproj", "{807D359A-BD91-4817-9256-9C09517DA9C2}"
EndProject
Project("{FAE04EC0-301F-11D3-BF4B-00C04F79EFBC}") = "ConsoleApp1", "ConsoleApp1\ConsoleApp1.csproj", "{4A55C7CD-23A2-441D-8FBF-8FF8737F0FDC}"
EndProject
Project("{2150E333-8FDC-42A3-9474-1A3956D46DE8}") = "OOPs", "OOPs", "{C296771E-6A8F-4825-9E02-13BCA55D8694}"
EndProject
Project("{FAE04EC0-301F-11D3-BF4B-00C04F79EFBC}") = "ClassesAndObjects", "OOPs\ClassesAndObjects\ClassesAndObjects.csproj", "{0BD04C74-2AD2-431F-8BDF-A21188E91A19}"
EndProject
Project("{FAE04EC0-301F-11D3-BF4B-00C04F79EFBC}") = "MultipleClasses", "OOPs\MultipleClasses\MultipleClasses.csproj", "{CCD722B2-BB60-4FFB-A49F-DB73395C22D7}"
EndProject
Project("{FAE04EC0-301F-11D3-BF4B-00C04F79EFBC}") = "ClassMembers", "OOPs\ClassMembers\ClassMembers.csproj", "{12729014-7635-4700-AE95-84EF450D04E5}"
EndProject
Project("{FAE04EC0-301F-11D3-BF4B-00C04F79EFBC}") = "ObjectMethodORCallingMethod", "OOPs\ObjectMethodORCallingMethod\ObjectMethodORCallingMethod.csproj", "{A6A1F741-8BB3-4BB4-A3B8-AA57413456D4}"
EndProject
Project("{FAE04EC0-301F-11D3-BF4B-00C04F79EFBC}") = "UseMultpleClasses", "OOPs\UseMultpleClasses\UseMultpleClasses.csproj", "{D45CE50A-93A2-4A0B-9889-7C9DAB497FCF}"
EndProject
Project("{FAE04EC0-301F-11D3-BF4B-00C04F79EFBC}") = "Constructors", "OOPs\Constructors\Constructors.csproj", "{14E1F6FE-82D8-48FE-93D2-91D3AB2F857C}"
EndProject
Project("{2150E333-8FDC-42A3-9474-1A3956D46DE8}") = "Access Modifiers", "Access Modifiers", "{DBD9E1C9-B87E-45F6-93CA-98F53DE04112}"
EndProject
Project("{FAE04EC0-301F-11D3-BF4B-00C04F79EFBC}") = "1_publicAccessModifiers", "OOPs\Access Modifiers\1_publicAccessModifiers\1_publicAccessModifiers.csproj", "{E880B33E-838F-47E4-A31F-E980F75EA0B0}"
EndProject
Project("{FAE04EC0-301F-11D3-BF4B-00C04F79EFBC}") = "2_PrivateAccessModifiers", "OOPs\Access Modifiers\2_PrivateAccessModifiers\2_PrivateAccessModifiers.csproj", "{0AE29C1B-5FC1-4FCD-9A6A-DA0438F8B25B}"
EndProject
Global
	GlobalSection(SolutionConfigurationPlatforms) = preSolution
		Debug|Any CPU = Debug|Any CPU
		Release|Any CPU = Release|Any CPU
	EndGlobalSection
	GlobalSection(ProjectConfigurationPlatforms) = postSolution
		{D47B008C-F89B-4691-8E8E-FF88F6F46770}.Debug|Any CPU.ActiveCfg = Debug|Any CPU
		{D47B008C-F89B-4691-8E8E-FF88F6F46770}.Debug|Any CPU.Build.0 = Debug|Any CPU
		{D47B008C-F89B-4691-8E8E-FF88F6F46770}.Release|Any CPU.ActiveCfg = Release|Any CPU
		{D47B008C-F89B-4691-8E8E-FF88F6F46770}.Release|Any CPU.Build.0 = Release|Any CPU
		{BCAEAEDF-9D20-4F11-B63C-0C0AC97C3A8D}.Debug|Any CPU.ActiveCfg = Debug|Any CPU
		{BCAEAEDF-9D20-4F11-B63C-0C0AC97C3A8D}.Debug|Any CPU.Build.0 = Debug|Any CPU
		{BCAEAEDF-9D20-4F11-B63C-0C0AC97C3A8D}.Release|Any CPU.ActiveCfg = Release|Any CPU
		{BCAEAEDF-9D20-4F11-B63C-0C0AC97C3A8D}.Release|Any CPU.Build.0 = Release|Any CPU
		{79AF0612-3155-425D-BB28-7B119A90378A}.Debug|Any CPU.ActiveCfg = Debug|Any CPU
		{79AF0612-3155-425D-BB28-7B119A90378A}.Debug|Any CPU.Build.0 = Debug|Any CPU
		{79AF0612-3155-425D-BB28-7B119A90378A}.Release|Any CPU.ActiveCfg = Release|Any CPU
		{79AF0612-3155-425D-BB28-7B119A90378A}.Release|Any CPU.Build.0 = Release|Any CPU
		{919A5A72-DA48-47BC-9A80-9D0511DE4A0A}.Debug|Any CPU.ActiveCfg = Debug|Any CPU
		{919A5A72-DA48-47BC-9A80-9D0511DE4A0A}.Debug|Any CPU.Build.0 = Debug|Any CPU
		{919A5A72-DA48-47BC-9A80-9D0511DE4A0A}.Release|Any CPU.ActiveCfg = Release|Any CPU
		{919A5A72-DA48-47BC-9A80-9D0511DE4A0A}.Release|Any CPU.Build.0 = Release|Any CPU
		{C464FE3A-3ABD-410B-A9CB-0E475B66557C}.Debug|Any CPU.ActiveCfg = Debug|Any CPU
		{C464FE3A-3ABD-410B-A9CB-0E475B66557C}.Debug|Any CPU.Build.0 = Debug|Any CPU
		{C464FE3A-3ABD-410B-A9CB-0E475B66557C}.Release|Any CPU.ActiveCfg = Release|Any CPU
		{C464FE3A-3ABD-410B-A9CB-0E475B66557C}.Release|Any CPU.Build.0 = Release|Any CPU
		{1BB44F04-4CCE-4623-9F06-5543F0F74C10}.Debug|Any CPU.ActiveCfg = Debug|Any CPU
		{1BB44F04-4CCE-4623-9F06-5543F0F74C10}.Debug|Any CPU.Build.0 = Debug|Any CPU
		{1BB44F04-4CCE-4623-9F06-5543F0F74C10}.Release|Any CPU.ActiveCfg = Release|Any CPU
		{1BB44F04-4CCE-4623-9F06-5543F0F74C10}.Release|Any CPU.Build.0 = Release|Any CPU
		{C7576E5A-9AC7-4FA3-AA86-EE7A121C0397}.Debug|Any CPU.ActiveCfg = Debug|Any CPU
		{C7576E5A-9AC7-4FA3-AA86-EE7A121C0397}.Debug|Any CPU.Build.0 = Debug|Any CPU
		{C7576E5A-9AC7-4FA3-AA86-EE7A121C0397}.Release|Any CPU.ActiveCfg = Release|Any CPU
		{C7576E5A-9AC7-4FA3-AA86-EE7A121C0397}.Release|Any CPU.Build.0 = Release|Any CPU
		{58C2EE1B-2C6D-4F2E-B8AF-B9228D64E8D5}.Debug|Any CPU.ActiveCfg = Debug|Any CPU
		{58C2EE1B-2C6D-4F2E-B8AF-B9228D64E8D5}.Debug|Any CPU.Build.0 = Debug|Any CPU
		{58C2EE1B-2C6D-4F2E-B8AF-B9228D64E8D5}.Release|Any CPU.ActiveCfg = Release|Any CPU
		{58C2EE1B-2C6D-4F2E-B8AF-B9228D64E8D5}.Release|Any CPU.Build.0 = Release|Any CPU
		{F59DFA40-243D-45FA-9FCC-DB0565D2FBB6}.Debug|Any CPU.ActiveCfg = Debug|Any CPU
		{F59DFA40-243D-45FA-9FCC-DB0565D2FBB6}.Debug|Any CPU.Build.0 = Debug|Any CPU
		{F59DFA40-243D-45FA-9FCC-DB0565D2FBB6}.Release|Any CPU.ActiveCfg = Release|Any CPU
		{F59DFA40-243D-45FA-9FCC-DB0565D2FBB6}.Release|Any CPU.Build.0 = Release|Any CPU
		{D5F3595E-DA7D-4157-BB48-288855DC2F9A}.Debug|Any CPU.ActiveCfg = Debug|Any CPU
		{D5F3595E-DA7D-4157-BB48-288855DC2F9A}.Debug|Any CPU.Build.0 = Debug|Any CPU
		{D5F3595E-DA7D-4157-BB48-288855DC2F9A}.Release|Any CPU.ActiveCfg = Release|Any CPU
		{D5F3595E-DA7D-4157-BB48-288855DC2F9A}.Release|Any CPU.Build.0 = Release|Any CPU
		{1616AB1B-D480-42FC-BFEF-19F314617955}.Debug|Any CPU.ActiveCfg = Debug|Any CPU
		{1616AB1B-D480-42FC-BFEF-19F314617955}.Debug|Any CPU.Build.0 = Debug|Any CPU
		{1616AB1B-D480-42FC-BFEF-19F314617955}.Release|Any CPU.ActiveCfg = Release|Any CPU
		{1616AB1B-D480-42FC-BFEF-19F314617955}.Release|Any CPU.Build.0 = Release|Any CPU
		{C415E379-6E4A-47B0-9E1F-A545E28AC511}.Debug|Any CPU.ActiveCfg = Debug|Any CPU
		{C415E379-6E4A-47B0-9E1F-A545E28AC511}.Debug|Any CPU.Build.0 = Debug|Any CPU
		{C415E379-6E4A-47B0-9E1F-A545E28AC511}.Release|Any CPU.ActiveCfg = Release|Any CPU
		{C415E379-6E4A-47B0-9E1F-A545E28AC511}.Release|Any CPU.Build.0 = Release|Any CPU
		{16E1722A-0446-4E6E-A3ED-11A20AA26342}.Debug|Any CPU.ActiveCfg = Debug|Any CPU
		{16E1722A-0446-4E6E-A3ED-11A20AA26342}.Debug|Any CPU.Build.0 = Debug|Any CPU
		{16E1722A-0446-4E6E-A3ED-11A20AA26342}.Release|Any CPU.ActiveCfg = Release|Any CPU
		{16E1722A-0446-4E6E-A3ED-11A20AA26342}.Release|Any CPU.Build.0 = Release|Any CPU
		{807D359A-BD91-4817-9256-9C09517DA9C2}.Debug|Any CPU.ActiveCfg = Debug|Any CPU
		{807D359A-BD91-4817-9256-9C09517DA9C2}.Debug|Any CPU.Build.0 = Debug|Any CPU
		{807D359A-BD91-4817-9256-9C09517DA9C2}.Release|Any CPU.ActiveCfg = Release|Any CPU
		{807D359A-BD91-4817-9256-9C09517DA9C2}.Release|Any CPU.Build.0 = Release|Any CPU
		{4A55C7CD-23A2-441D-8FBF-8FF8737F0FDC}.Debug|Any CPU.ActiveCfg = Debug|Any CPU
		{4A55C7CD-23A2-441D-8FBF-8FF8737F0FDC}.Debug|Any CPU.Build.0 = Debug|Any CPU
		{4A55C7CD-23A2-441D-8FBF-8FF8737F0FDC}.Release|Any CPU.ActiveCfg = Release|Any CPU
		{4A55C7CD-23A2-441D-8FBF-8FF8737F0FDC}.Release|Any CPU.Build.0 = Release|Any CPU
		{0BD04C74-2AD2-431F-8BDF-A21188E91A19}.Debug|Any CPU.ActiveCfg = Debug|Any CPU
		{0BD04C74-2AD2-431F-8BDF-A21188E91A19}.Debug|Any CPU.Build.0 = Debug|Any CPU
		{0BD04C74-2AD2-431F-8BDF-A21188E91A19}.Release|Any CPU.ActiveCfg = Release|Any CPU
		{0BD04C74-2AD2-431F-8BDF-A21188E91A19}.Release|Any CPU.Build.0 = Release|Any CPU
		{CCD722B2-BB60-4FFB-A49F-DB73395C22D7}.Debug|Any CPU.ActiveCfg = Debug|Any CPU
		{CCD722B2-BB60-4FFB-A49F-DB73395C22D7}.Debug|Any CPU.Build.0 = Debug|Any CPU
		{CCD722B2-BB60-4FFB-A49F-DB73395C22D7}.Release|Any CPU.ActiveCfg = Release|Any CPU
		{CCD722B2-BB60-4FFB-A49F-DB73395C22D7}.Release|Any CPU.Build.0 = Release|Any CPU
		{12729014-7635-4700-AE95-84EF450D04E5}.Debug|Any CPU.ActiveCfg = Debug|Any CPU
		{12729014-7635-4700-AE95-84EF450D04E5}.Debug|Any CPU.Build.0 = Debug|Any CPU
		{12729014-7635-4700-AE95-84EF450D04E5}.Release|Any CPU.ActiveCfg = Release|Any CPU
		{12729014-7635-4700-AE95-84EF450D04E5}.Release|Any CPU.Build.0 = Release|Any CPU
		{A6A1F741-8BB3-4BB4-A3B8-AA57413456D4}.Debug|Any CPU.ActiveCfg = Debug|Any CPU
		{A6A1F741-8BB3-4BB4-A3B8-AA57413456D4}.Debug|Any CPU.Build.0 = Debug|Any CPU
		{A6A1F741-8BB3-4BB4-A3B8-AA57413456D4}.Release|Any CPU.ActiveCfg = Release|Any CPU
		{A6A1F741-8BB3-4BB4-A3B8-AA57413456D4}.Release|Any CPU.Build.0 = Release|Any CPU
		{D45CE50A-93A2-4A0B-9889-7C9DAB497FCF}.Debug|Any CPU.ActiveCfg = Debug|Any CPU
		{D45CE50A-93A2-4A0B-9889-7C9DAB497FCF}.Debug|Any CPU.Build.0 = Debug|Any CPU
		{D45CE50A-93A2-4A0B-9889-7C9DAB497FCF}.Release|Any CPU.ActiveCfg = Release|Any CPU
		{D45CE50A-93A2-4A0B-9889-7C9DAB497FCF}.Release|Any CPU.Build.0 = Release|Any CPU
		{14E1F6FE-82D8-48FE-93D2-91D3AB2F857C}.Debug|Any CPU.ActiveCfg = Debug|Any CPU
		{14E1F6FE-82D8-48FE-93D2-91D3AB2F857C}.Debug|Any CPU.Build.0 = Debug|Any CPU
		{14E1F6FE-82D8-48FE-93D2-91D3AB2F857C}.Release|Any CPU.ActiveCfg = Release|Any CPU
		{14E1F6FE-82D8-48FE-93D2-91D3AB2F857C}.Release|Any CPU.Build.0 = Release|Any CPU
		{E880B33E-838F-47E4-A31F-E980F75EA0B0}.Debug|Any CPU.ActiveCfg = Debug|Any CPU
		{E880B33E-838F-47E4-A31F-E980F75EA0B0}.Debug|Any CPU.Build.0 = Debug|Any CPU
		{E880B33E-838F-47E4-A31F-E980F75EA0B0}.Release|Any CPU.ActiveCfg = Release|Any CPU
		{E880B33E-838F-47E4-A31F-E980F75EA0B0}.Release|Any CPU.Build.0 = Release|Any CPU
		{0AE29C1B-5FC1-4FCD-9A6A-DA0438F8B25B}.Debug|Any CPU.ActiveCfg = Debug|Any CPU
		{0AE29C1B-5FC1-4FCD-9A6A-DA0438F8B25B}.Debug|Any CPU.Build.0 = Debug|Any CPU
		{0AE29C1B-5FC1-4FCD-9A6A-DA0438F8B25B}.Release|Any CPU.ActiveCfg = Release|Any CPU
		{0AE29C1B-5FC1-4FCD-9A6A-DA0438F8B25B}.Release|Any CPU.Build.0 = Release|Any CPU
	EndGlobalSection
	GlobalSection(SolutionProperties) = preSolution
		HideSolutionNode = FALSE
	EndGlobalSection
	GlobalSection(ExtensibilityGlobals) = postSolution
		SolutionGuid = {30C0DBAA-3406-460B-9E9D-ECF5EA98C1BB}
	EndGlobalSection
	GlobalSection(NestedProjects) = preSolution
		{0BD04C74-2AD2-431F-8BDF-A21188E91A19} = {C296771E-6A8F-4825-9E02-13BCA55D8694}
		{CCD722B2-BB60-4FFB-A49F-DB73395C22D7} = {C296771E-6A8F-4825-9E02-13BCA55D8694}
		{12729014-7635-4700-AE95-84EF450D04E5} = {C296771E-6A8F-4825-9E02-13BCA55D8694}
		{A6A1F741-8BB3-4BB4-A3B8-AA57413456D4} = {C296771E-6A8F-4825-9E02-13BCA55D8694}
		{D45CE50A-93A2-4A0B-9889-7C9DAB497FCF} = {C296771E-6A8F-4825-9E02-13BCA55D8694}
		{14E1F6FE-82D8-48FE-93D2-91D3AB2F857C} = {C296771E-6A8F-4825-9E02-13BCA55D8694}
		{DBD9E1C9-B87E-45F6-93CA-98F53DE04112} = {C296771E-6A8F-4825-9E02-13BCA55D8694}
		{E880B33E-838F-47E4-A31F-E980F75EA0B0} = {DBD9E1C9-B87E-45F6-93CA-98F53DE04112}
		{0AE29C1B-5FC1-4FCD-9A6A-DA0438F8B25B} = {DBD9E1C9-B87E-45F6-93CA-98F53DE04112}
	EndGlobalSection
EndGlobal
